// !$*UTF8*$!
{
	archiveVersion = 1;
	classes = {
	};
	objectVersion = 46;
	objects = {

/* Begin PBXBuildFile section */
		5783DA9E1A4479FF005574AA /* AppDelegate.swift in Sources */ = {isa = PBXBuildFile; fileRef = 5783DA9D1A4479FF005574AA /* AppDelegate.swift */; };
		5783DAA01A4479FF005574AA /* ViewController.swift in Sources */ = {isa = PBXBuildFile; fileRef = 5783DA9F1A4479FF005574AA /* ViewController.swift */; };
		5783DAA31A4479FF005574AA /* Main.storyboard in Resources */ = {isa = PBXBuildFile; fileRef = 5783DAA11A4479FF005574AA /* Main.storyboard */; };
		5783DAA51A4479FF005574AA /* Images.xcassets in Resources */ = {isa = PBXBuildFile; fileRef = 5783DAA41A4479FF005574AA /* Images.xcassets */; };
		5783DAA81A4479FF005574AA /* LaunchScreen.xib in Resources */ = {isa = PBXBuildFile; fileRef = 5783DAA61A4479FF005574AA /* LaunchScreen.xib */; };
		5783DAB41A4479FF005574AA /* Introduction_to_RealmTests.swift in Sources */ = {isa = PBXBuildFile; fileRef = 5783DAB31A4479FF005574AA /* Introduction_to_RealmTests.swift */; };
		5783DAC21A447A8E005574AA /* libc++.dylib in Frameworks */ = {isa = PBXBuildFile; fileRef = 5783DABD1A447A4B005574AA /* libc++.dylib */; };
		5783DAC41A447A9E005574AA /* Realm.framework in Frameworks */ = {isa = PBXBuildFile; fileRef = 5783DAC31A447A9E005574AA /* Realm.framework */; };
		5783DAC61A447B1C005574AA /* RLMSupport.swift in Sources */ = {isa = PBXBuildFile; fileRef = 5783DAC51A447B1C005574AA /* RLMSupport.swift */; };
/* End PBXBuildFile section */

/* Begin PBXContainerItemProxy section */
		5783DAAE1A4479FF005574AA /* PBXContainerItemProxy */ = {
			isa = PBXContainerItemProxy;
			containerPortal = 5783DA901A4479FF005574AA /* Project object */;
			proxyType = 1;
			remoteGlobalIDString = 5783DA971A4479FF005574AA;
			remoteInfo = "Introduction to Realm";
		};
/* End PBXContainerItemProxy section */

/* Begin PBXFileReference section */
		5783DA981A4479FF005574AA /* Introduction to Realm.app */ = {isa = PBXFileReference; explicitFileType = wrapper.application; includeInIndex = 0; path = "Introduction to Realm.app"; sourceTree = BUILT_PRODUCTS_DIR; };
		5783DA9C1A4479FF005574AA /* Info.plist */ = {isa = PBXFileReference; lastKnownFileType = text.plist.xml; path = Info.plist; sourceTree = "<group>"; };
		5783DA9D1A4479FF005574AA /* AppDelegate.swift */ = {isa = PBXFileReference; lastKnownFileType = sourcecode.swift; path = AppDelegate.swift; sourceTree = "<group>"; };
		5783DA9F1A4479FF005574AA /* ViewController.swift */ = {isa = PBXFileReference; lastKnownFileType = sourcecode.swift; path = ViewController.swift; sourceTree = "<group>"; };
		5783DAA21A4479FF005574AA /* Base */ = {isa = PBXFileReference; lastKnownFileType = file.storyboard; name = Base; path = Base.lproj/Main.storyboard; sourceTree = "<group>"; };
		5783DAA41A4479FF005574AA /* Images.xcassets */ = {isa = PBXFileReference; lastKnownFileType = folder.assetcatalog; path = Images.xcassets; sourceTree = "<group>"; };
		5783DAA71A4479FF005574AA /* Base */ = {isa = PBXFileReference; lastKnownFileType = file.xib; name = Base; path = Base.lproj/LaunchScreen.xib; sourceTree = "<group>"; };
		5783DAAD1A4479FF005574AA /* Introduction to RealmTests.xctest */ = {isa = PBXFileReference; explicitFileType = wrapper.cfbundle; includeInIndex = 0; path = "Introduction to RealmTests.xctest"; sourceTree = BUILT_PRODUCTS_DIR; };
		5783DAB21A4479FF005574AA /* Info.plist */ = {isa = PBXFileReference; lastKnownFileType = text.plist.xml; path = Info.plist; sourceTree = "<group>"; };
		5783DAB31A4479FF005574AA /* Introduction_to_RealmTests.swift */ = {isa = PBXFileReference; lastKnownFileType = sourcecode.swift; path = Introduction_to_RealmTests.swift; sourceTree = "<group>"; };
		5783DABD1A447A4B005574AA /* libc++.dylib */ = {isa = PBXFileReference; lastKnownFileType = "compiled.mach-o.dylib"; name = "libc++.dylib"; path = "usr/lib/libc++.dylib"; sourceTree = SDKROOT; };
		5783DAC31A447A9E005574AA /* Realm.framework */ = {isa = PBXFileReference; lastKnownFileType = wrapper.framework; path = Realm.framework; sourceTree = "<group>"; };
		5783DAC51A447B1C005574AA /* RLMSupport.swift */ = {isa = PBXFileReference; fileEncoding = 4; lastKnownFileType = sourcecode.swift; path = RLMSupport.swift; sourceTree = "<group>"; };
/* End PBXFileReference section */

/* Begin PBXFrameworksBuildPhase section */
		5783DA951A4479FF005574AA /* Frameworks */ = {
			isa = PBXFrameworksBuildPhase;
			buildActionMask = 2147483647;
			files = (
				5783DAC41A447A9E005574AA /* Realm.framework in Frameworks */,
				5783DAC21A447A8E005574AA /* libc++.dylib in Frameworks */,
			);
			runOnlyForDeploymentPostprocessing = 0;
		};
		5783DAAA1A4479FF005574AA /* Frameworks */ = {
			isa = PBXFrameworksBuildPhase;
			buildActionMask = 2147483647;
			files = (
			);
			runOnlyForDeploymentPostprocessing = 0;
		};
/* End PBXFrameworksBuildPhase section */

/* Begin PBXGroup section */
		5783DA8F1A4479FF005574AA = {
			isa = PBXGroup;
			children = (
				5783DA9A1A4479FF005574AA /* Introduction to Realm */,
				5783DAB01A4479FF005574AA /* Introduction to RealmTests */,
				5783DA991A4479FF005574AA /* Products */,
				5783DAC11A447A78005574AA /* Frameworks */,
			);
			sourceTree = "<group>";
		};
		5783DA991A4479FF005574AA /* Products */ = {
			isa = PBXGroup;
			children = (
				5783DA981A4479FF005574AA /* Introduction to Realm.app */,
				5783DAAD1A4479FF005574AA /* Introduction to RealmTests.xctest */,
			);
			name = Products;
			sourceTree = "<group>";
		};
		5783DA9A1A4479FF005574AA /* Introduction to Realm */ = {
			isa = PBXGroup;
			children = (
				5783DAC51A447B1C005574AA /* RLMSupport.swift */,
				5783DA9D1A4479FF005574AA /* AppDelegate.swift */,
				5783DA9F1A4479FF005574AA /* ViewController.swift */,
				5783DAA11A4479FF005574AA /* Main.storyboard */,
				5783DAA41A4479FF005574AA /* Images.xcassets */,
				5783DAA61A4479FF005574AA /* LaunchScreen.xib */,
				5783DA9B1A4479FF005574AA /* Supporting Files */,
			);
			path = "Introduction to Realm";
			sourceTree = "<group>";
		};
		5783DA9B1A4479FF005574AA /* Supporting Files */ = {
			isa = PBXGroup;
			children = (
				5783DA9C1A4479FF005574AA /* Info.plist */,
			);
			name = "Supporting Files";
			sourceTree = "<group>";
		};
		5783DAB01A4479FF005574AA /* Introduction to RealmTests */ = {
			isa = PBXGroup;
			children = (
				5783DAB31A4479FF005574AA /* Introduction_to_RealmTests.swift */,
				5783DAB11A4479FF005574AA /* Supporting Files */,
			);
			path = "Introduction to RealmTests";
			sourceTree = "<group>";
		};
		5783DAB11A4479FF005574AA /* Supporting Files */ = {
			isa = PBXGroup;
			children = (
				5783DAB21A4479FF005574AA /* Info.plist */,
			);
			name = "Supporting Files";
			sourceTree = "<group>";
		};
		5783DAC11A447A78005574AA /* Frameworks */ = {
			isa = PBXGroup;
			children = (
				5783DAC31A447A9E005574AA /* Realm.framework */,
				5783DABD1A447A4B005574AA /* libc++.dylib */,
			);
			name = Frameworks;
			sourceTree = "<group>";
		};
/* End PBXGroup section */

/* Begin PBXNativeTarget section */
		5783DA971A4479FF005574AA /* Introduction to Realm */ = {
			isa = PBXNativeTarget;
			buildConfigurationList = 5783DAB71A4479FF005574AA /* Build configuration list for PBXNativeTarget "Introduction to Realm" */;
			buildPhases = (
				5783DA941A4479FF005574AA /* Sources */,
				5783DA951A4479FF005574AA /* Frameworks */,
				5783DA961A4479FF005574AA /* Resources */,
			);
			buildRules = (
			);
			dependencies = (
			);
			name = "Introduction to Realm";
			productName = "Introduction to Realm";
			productReference = 5783DA981A4479FF005574AA /* Introduction to Realm.app */;
			productType = "com.apple.product-type.application";
		};
		5783DAAC1A4479FF005574AA /* Introduction to RealmTests */ = {
			isa = PBXNativeTarget;
			buildConfigurationList = 5783DABA1A4479FF005574AA /* Build configuration list for PBXNativeTarget "Introduction to RealmTests" */;
			buildPhases = (
				5783DAA91A4479FF005574AA /* Sources */,
				5783DAAA1A4479FF005574AA /* Frameworks */,
				5783DAAB1A4479FF005574AA /* Resources */,
			);
			buildRules = (
			);
			dependencies = (
				5783DAAF1A4479FF005574AA /* PBXTargetDependency */,
			);
			name = "Introduction to RealmTests";
			productName = "Introduction to RealmTests";
			productReference = 5783DAAD1A4479FF005574AA /* Introduction to RealmTests.xctest */;
			productType = "com.apple.product-type.bundle.unit-test";
		};
/* End PBXNativeTarget section */

/* Begin PBXProject section */
		5783DA901A4479FF005574AA /* Project object */ = {
			isa = PBXProject;
			attributes = {
				LastUpgradeCheck = 0610;
				ORGANIZATIONNAME = "Hugo Doria";
				TargetAttributes = {
					5783DA971A4479FF005574AA = {
						CreatedOnToolsVersion = 6.1.1;
					};
					5783DAAC1A4479FF005574AA = {
						CreatedOnToolsVersion = 6.1.1;
						TestTargetID = 5783DA971A4479FF005574AA;
					};
				};
			};
			buildConfigurationList = 5783DA931A4479FF005574AA /* Build configuration list for PBXProject "Introduction to Realm" */;
			compatibilityVersion = "Xcode 3.2";
			developmentRegion = English;
			hasScannedForEncodings = 0;
			knownRegions = (
				en,
				Base,
			);
			mainGroup = 5783DA8F1A4479FF005574AA;
			productRefGroup = 5783DA991A4479FF005574AA /* Products */;
			projectDirPath = "";
			projectRoot = "";
			targets = (
				5783DA971A4479FF005574AA /* Introduction to Realm */,
				5783DAAC1A4479FF005574AA /* Introduction to RealmTests */,
			);
		};
/* End PBXProject section */

/* Begin PBXResourcesBuildPhase section */
		5783DA961A4479FF005574AA /* Resources */ = {
			isa = PBXResourcesBuildPhase;
			buildActionMask = 2147483647;
			files = (
				5783DAA31A4479FF005574AA /* Main.storyboard in Resources */,
				5783DAA81A4479FF005574AA /* LaunchScreen.xib in Resources */,
				5783DAA51A4479FF005574AA /* Images.xcassets in Resources */,
			);
			runOnlyForDeploymentPostprocessing = 0;
		};
		5783DAAB1A4479FF005574AA /* Resources */ = {
			isa = PBXResourcesBuildPhase;
			buildActionMask = 2147483647;
			files = (
			);
			runOnlyForDeploymentPostprocessing = 0;
		};
/* End PBXResourcesBuildPhase section */

/* Begin PBXSourcesBuildPhase section */
		5783DA941A4479FF005574AA /* Sources */ = {
			isa = PBXSourcesBuildPhase;
			buildActionMask = 2147483647;
			files = (
				5783DAA01A4479FF005574AA /* ViewController.swift in Sources */,
				5783DAC61A447B1C005574AA /* RLMSupport.swift in Sources */,
				5783DA9E1A4479FF005574AA /* AppDelegate.swift in Sources */,
			);
			runOnlyForDeploymentPostprocessing = 0;
		};
		5783DAA91A4479FF005574AA /* Sources */ = {
			isa = PBXSourcesBuildPhase;
			buildActionMask = 2147483647;
			files = (
				5783DAB41A4479FF005574AA /* Introduction_to_RealmTests.swift in Sources */,
			);
			runOnlyForDeploymentPostprocessing = 0;
		};
/* End PBXSourcesBuildPhase section */

/* Begin PBXTargetDependency section */
		5783DAAF1A4479FF005574AA /* PBXTargetDependency */ = {
			isa = PBXTargetDependency;
			target = 5783DA971A4479FF005574AA /* Introduction to Realm */;
			targetProxy = 5783DAAE1A4479FF005574AA /* PBXContainerItemProxy */;
		};
/* End PBXTargetDependency section */

/* Begin PBXVariantGroup section */
		5783DAA11A4479FF005574AA /* Main.storyboard */ = {
			isa = PBXVariantGroup;
			children = (
				5783DAA21A4479FF005574AA /* Base */,
			);
			name = Main.storyboard;
			sourceTree = "<group>";
		};
		5783DAA61A4479FF005574AA /* LaunchScreen.xib */ = {
			isa = PBXVariantGroup;
			children = (
				5783DAA71A4479FF005574AA /* Base */,
			);
			name = LaunchScreen.xib;
			sourceTree = "<group>";
		};
/* End PBXVariantGroup section */

/* Begin XCBuildConfiguration section */
		5783DAB51A4479FF005574AA /* Debug */ = {
			isa = XCBuildConfiguration;
			buildSettings = {
				ALWAYS_SEARCH_USER_PATHS = NO;
				CLANG_CXX_LANGUAGE_STANDARD = "gnu++0x";
				CLANG_CXX_LIBRARY = "libc++";
				CLANG_ENABLE_MODULES = YES;
				CLANG_ENABLE_OBJC_ARC = YES;
				CLANG_WARN_BOOL_CONVERSION = YES;
				CLANG_WARN_CONSTANT_CONVERSION = YES;
				CLANG_WARN_DIRECT_OBJC_ISA_USAGE = YES_ERROR;
				CLANG_WARN_EMPTY_BODY = YES;
				CLANG_WARN_ENUM_CONVERSION = YES;
				CLANG_WARN_INT_CONVERSION = YES;
				CLANG_WARN_OBJC_ROOT_CLASS = YES_ERROR;
				CLANG_WARN_UNREACHABLE_CODE = YES;
				CLANG_WARN__DUPLICATE_METHOD_MATCH = YES;
				"CODE_SIGN_IDENTITY[sdk=iphoneos*]" = "iPhone Developer";
				COPY_PHASE_STRIP = NO;
				ENABLE_STRICT_OBJC_MSGSEND = YES;
				GCC_C_LANGUAGE_STANDARD = gnu99;
				GCC_DYNAMIC_NO_PIC = NO;
				GCC_OPTIMIZATION_LEVEL = 0;
				GCC_PREPROCESSOR_DEFINITIONS = (
					"DEBUG=1",
					"$(inherited)",
				);
				GCC_SYMBOLS_PRIVATE_EXTERN = NO;
				GCC_WARN_64_TO_32_BIT_CONVERSION = YES;
				GCC_WARN_ABOUT_RETURN_TYPE = YES_ERROR;
				GCC_WARN_UNDECLARED_SELECTOR = YES;
				GCC_WARN_UNINITIALIZED_AUTOS = YES_AGGRESSIVE;
				GCC_WARN_UNUSED_FUNCTION = YES;
				GCC_WARN_UNUSED_VARIABLE = YES;
				IPHONEOS_DEPLOYMENT_TARGET = 8.1;
				MTL_ENABLE_DEBUG_INFO = YES;
				ONLY_ACTIVE_ARCH = YES;
				SDKROOT = iphoneos;
				SWIFT_OPTIMIZATION_LEVEL = "-Onone";
				TARGETED_DEVICE_FAMILY = "1,2";
			};
			name = Debug;
		};
		5783DAB61A4479FF005574AA /* Release */ = {
			isa = XCBuildConfiguration;
			buildSettings = {
				ALWAYS_SEARCH_USER_PATHS = NO;
				CLANG_CXX_LANGUAGE_STANDARD = "gnu++0x";
				CLANG_CXX_LIBRARY = "libc++";
				CLANG_ENABLE_MODULES = YES;
				CLANG_ENABLE_OBJC_ARC = YES;
				CLANG_WARN_BOOL_CONVERSION = YES;
				CLANG_WARN_CONSTANT_CONVERSION = YES;
				CLANG_WARN_DIRECT_OBJC_ISA_USAGE = YES_ERROR;
				CLANG_WARN_EMPTY_BODY = YES;
				CLANG_WARN_ENUM_CONVERSION = YES;
				CLANG_WARN_INT_CONVERSION = YES;
				CLANG_WARN_OBJC_ROOT_CLASS = YES_ERROR;
				CLANG_WARN_UNREACHABLE_CODE = YES;
				CLANG_WARN__DUPLICATE_METHOD_MATCH = YES;
				"CODE_SIGN_IDENTITY[sdk=iphoneos*]" = "iPhone Developer";
				COPY_PHASE_STRIP = YES;
				ENABLE_NS_ASSERTIONS = NO;
				ENABLE_STRICT_OBJC_MSGSEND = YES;
				GCC_C_LANGUAGE_STANDARD = gnu99;
				GCC_WARN_64_TO_32_BIT_CONVERSION = YES;
				GCC_WARN_ABOUT_RETURN_TYPE = YES_ERROR;
				GCC_WARN_UNDECLARED_SELECTOR = YES;
				GCC_WARN_UNINITIALIZED_AUTOS = YES_AGGRESSIVE;
				GCC_WARN_UNUSED_FUNCTION = YES;
				GCC_WARN_UNUSED_VARIABLE = YES;
				IPHONEOS_DEPLOYMENT_TARGET = 8.1;
				MTL_ENABLE_DEBUG_INFO = NO;
				SDKROOT = iphoneos;
				TARGETED_DEVICE_FAMILY = "1,2";
				VALIDATE_PRODUCT = YES;
			};
			name = Release;
		};
		5783DAB81A4479FF005574AA /* Debug */ = {
			isa = XCBuildConfiguration;
			buildSettings = {
				ASSETCATALOG_COMPILER_APPICON_NAME = AppIcon;
				FRAMEWORK_SEARCH_PATHS = (
					"$(inherited)",
					"/Users/hdoria/Desktop/realm-cocoa-0.89.0/ios",
					"$(PROJECT_DIR)",
				);
				INFOPLIST_FILE = "Introduction to Realm/Info.plist";
				LD_RUNPATH_SEARCH_PATHS = "$(inherited) @executable_path/Frameworks";
				PRODUCT_NAME = "$(TARGET_NAME)";
			};
			name = Debug;
		};
		5783DAB91A4479FF005574AA /* Release */ = {
			isa = XCBuildConfiguration;
			buildSettings = {
				ASSETCATALOG_COMPILER_APPICON_NAME = AppIcon;
				FRAMEWORK_SEARCH_PATHS = (
					"$(inherited)",
					"/Users/hdoria/Desktop/realm-cocoa-0.89.0/ios",
					"$(PROJECT_DIR)",
				);
				INFOPLIST_FILE = "Introduction to Realm/Info.plist";
				LD_RUNPATH_SEARCH_PATHS = "$(inherited) @executable_path/Frameworks";
				PRODUCT_NAME = "$(TARGET_NAME)";
			};
			name = Release;
		};
		5783DABB1A4479FF005574AA /* Debug */ = {
			isa = XCBuildConfiguration;
			buildSettings = {
				BUNDLE_LOADER = "$(TEST_HOST)";
				FRAMEWORK_SEARCH_PATHS = (
					"$(SDKROOT)/Developer/Library/Frameworks",
					"$(inherited)",
				);
				GCC_PREPROCESSOR_DEFINITIONS = (
					"DEBUG=1",
					"$(inherited)",
				);
				INFOPLIST_FILE = "Introduction to RealmTests/Info.plist";
				LD_RUNPATH_SEARCH_PATHS = "$(inherited) @executable_path/Frameworks @loader_path/Frameworks";
				PRODUCT_NAME = "$(TARGET_NAME)";
				TEST_HOST = "$(BUILT_PRODUCTS_DIR)/Introduction to Realm.app/Introduction to Realm";
			};
			name = Debug;
		};
		5783DABC1A4479FF005574AA /* Release */ = {
			isa = XCBuildConfiguration;
			buildSettings = {
				BUNDLE_LOADER = "$(TEST_HOST)";
				FRAMEWORK_SEARCH_PATHS = (
					"$(SDKROOT)/Developer/Library/Frameworks",
					"$(inherited)",
				);
				INFOPLIST_FILE = "Introduction to RealmTests/Info.plist";
				LD_RUNPATH_SEARCH_PATHS = "$(inherited) @executable_path/Frameworks @loader_path/Frameworks";
				PRODUCT_NAME = "$(TARGET_NAME)";
				TEST_HOST = "$(BUILT_PRODUCTS_DIR)/Introduction to Realm.app/Introduction to Realm";
			};
			name = Release;
		};
/* End XCBuildConfiguration section */

/* Begin XCConfigurationList section */
		5783DA931A4479FF005574AA /* Build configuration list for PBXProject "Introduction to Realm" */ = {
			isa = XCConfigurationList;
			buildConfigurations = (
				5783DAB51A4479FF005574AA /* Debug */,
				5783DAB61A4479FF005574AA /* Release */,
			);
			defaultConfigurationIsVisible = 0;
			defaultConfigurationName = Release;
		};
		5783DAB71A4479FF005574AA /* Build configuration list for PBXNativeTarget "Introduction to Realm" */ = {
			isa = XCConfigurationList;
			buildConfigurations = (
				5783DAB81A4479FF005574AA /* Debug */,
				5783DAB91A4479FF005574AA /* Release */,
			);
			defaultConfigurationIsVisible = 0;
		};
		5783DABA1A4479FF005574AA /* Build configuration list for PBXNativeTarget "Introduction to RealmTests" */ = {
			isa = XCConfigurationList;
			buildConfigurations = (
				5783DABB1A4479FF005574AA /* Debug */,
				5783DABC1A4479FF005574AA /* Release */,
			);
			defaultConfigurationIsVisible = 0;
		};
/* End XCConfigurationList section */
	};
	rootObject = 5783DA901A4479FF005574AA /* Project object */;
}
